
Microsoft Visual Studio Solution File, Format Version 11.00
# Visual Studio 2010
Project("{159641D6-6404-4A2A-AE62-294DE0FE8301}") = "DeadlockHandleExample", "DeadlockHandleExample.dtproj", "{4484D106-534B-4E68-86D0-1CB8B1C5C0E1}"
EndProject
Global
	GlobalSection(SolutionConfigurationPlatforms) = preSolution
		Development|Default = Development|Default
	EndGlobalSection
	GlobalSection(ProjectConfigurationPlatforms) = postSolution
		{4484D106-534B-4E68-86D0-1CB8B1C5C0E1}.Development|Default.ActiveCfg = Development
		{4484D106-534B-4E68-86D0-1CB8B1C5C0E1}.Development|Default.Build.0 = Development
	EndGlobalSection
	GlobalSection(SolutionProperties) = preSolution
		HideSolutionNode = FALSE
	EndGlobalSection
EndGlobal
